
Microsoft Visual Studio Solution File, Format Version 12.00
# Visual Studio Version 17
VisualStudioVersion = 17.14.37012.4 d17.14
MinimumVisualStudioVersion = 10.0.40219.1
Project("{FAE04EC0-301F-11D3-BF4B-00C04F79EFBC}") = "04_SOLID_LSP_Pedagogico", "04_SOLID_LSP_Pedagogico.csproj", "{9B693FC8-0363-345A-D5C2-141DA86754C6}"
EndProject
Global
	GlobalSection(SolutionConfigurationPlatforms) = preSolution
		Debug|Any CPU = Debug|Any CPU
		Release|Any CPU = Release|Any CPU
	EndGlobalSection
	GlobalSection(ProjectConfigurationPlatforms) = postSolution
		{9B693FC8-0363-345A-D5C2-141DA86754C6}.Debug|Any CPU.ActiveCfg = Debug|Any CPU
		{9B693FC8-0363-345A-D5C2-141DA86754C6}.Debug|Any CPU.Build.0 = Debug|Any CPU
		{9B693FC8-0363-345A-D5C2-141DA86754C6}.Release|Any CPU.ActiveCfg = Release|Any CPU
		{9B693FC8-0363-345A-D5C2-141DA86754C6}.Release|Any CPU.Build.0 = Release|Any CPU
	EndGlobalSection
	GlobalSection(SolutionProperties) = preSolution
		HideSolutionNode = FALSE
	EndGlobalSection
	GlobalSection(ExtensibilityGlobals) = postSolution
		SolutionGuid = {41FBA40C-F6D2-45EB-8714-0FCEF2392B59}
	EndGlobalSection
EndGlobal
