
Microsoft Visual Studio Solution File, Format Version 12.00
# Visual Studio Version 17
VisualStudioVersion = 17.14.37012.4 d17.14
MinimumVisualStudioVersion = 10.0.40219.1
Project("{FAE04EC0-301F-11D3-BF4B-00C04F79EFBC}") = "F_SimplificarMetodos_EarlyReturn", "F_SimplificarMetodos_EarlyReturn.csproj", "{78E79761-9B74-CBB5-E02A-4983F521A025}"
EndProject
Global
	GlobalSection(SolutionConfigurationPlatforms) = preSolution
		Debug|Any CPU = Debug|Any CPU
		Release|Any CPU = Release|Any CPU
	EndGlobalSection
	GlobalSection(ProjectConfigurationPlatforms) = postSolution
		{78E79761-9B74-CBB5-E02A-4983F521A025}.Debug|Any CPU.ActiveCfg = Debug|Any CPU
		{78E79761-9B74-CBB5-E02A-4983F521A025}.Debug|Any CPU.Build.0 = Debug|Any CPU
		{78E79761-9B74-CBB5-E02A-4983F521A025}.Release|Any CPU.ActiveCfg = Release|Any CPU
		{78E79761-9B74-CBB5-E02A-4983F521A025}.Release|Any CPU.Build.0 = Release|Any CPU
	EndGlobalSection
	GlobalSection(SolutionProperties) = preSolution
		HideSolutionNode = FALSE
	EndGlobalSection
	GlobalSection(ExtensibilityGlobals) = postSolution
		SolutionGuid = {E0EF3162-2C18-44AB-B060-E76C6757D7F8}
	EndGlobalSection
EndGlobal
