
Microsoft Visual Studio Solution File, Format Version 12.00
# Visual Studio Version 17
VisualStudioVersion = 17.14.37012.4 d17.14
MinimumVisualStudioVersion = 10.0.40219.1
Project("{FAE04EC0-301F-11D3-BF4B-00C04F79EFBC}") = "01_PrincipiosPOO_Pedagogico", "01_PrincipiosPOO_Pedagogico.csproj", "{349158EF-4322-AB36-3C9E-B3D3E06E7528}"
EndProject
Global
	GlobalSection(SolutionConfigurationPlatforms) = preSolution
		Debug|Any CPU = Debug|Any CPU
		Release|Any CPU = Release|Any CPU
	EndGlobalSection
	GlobalSection(ProjectConfigurationPlatforms) = postSolution
		{349158EF-4322-AB36-3C9E-B3D3E06E7528}.Debug|Any CPU.ActiveCfg = Debug|Any CPU
		{349158EF-4322-AB36-3C9E-B3D3E06E7528}.Debug|Any CPU.Build.0 = Debug|Any CPU
		{349158EF-4322-AB36-3C9E-B3D3E06E7528}.Release|Any CPU.ActiveCfg = Release|Any CPU
		{349158EF-4322-AB36-3C9E-B3D3E06E7528}.Release|Any CPU.Build.0 = Release|Any CPU
	EndGlobalSection
	GlobalSection(SolutionProperties) = preSolution
		HideSolutionNode = FALSE
	EndGlobalSection
	GlobalSection(ExtensibilityGlobals) = postSolution
		SolutionGuid = {3B5D82FD-8140-49CA-8073-9C7E4DF6196D}
	EndGlobalSection
EndGlobal
