
Microsoft Visual Studio Solution File, Format Version 12.00
# Visual Studio Version 17
VisualStudioVersion = 17.14.37012.4 d17.14
MinimumVisualStudioVersion = 10.0.40219.1
Project("{FAE04EC0-301F-11D3-BF4B-00C04F79EFBC}") = "A_ComposicionMetodos", "A_ComposicionMetodos.csproj", "{70790976-CA09-1169-08B6-D79E54E57CFB}"
EndProject
Global
	GlobalSection(SolutionConfigurationPlatforms) = preSolution
		Debug|Any CPU = Debug|Any CPU
		Release|Any CPU = Release|Any CPU
	EndGlobalSection
	GlobalSection(ProjectConfigurationPlatforms) = postSolution
		{70790976-CA09-1169-08B6-D79E54E57CFB}.Debug|Any CPU.ActiveCfg = Debug|Any CPU
		{70790976-CA09-1169-08B6-D79E54E57CFB}.Debug|Any CPU.Build.0 = Debug|Any CPU
		{70790976-CA09-1169-08B6-D79E54E57CFB}.Release|Any CPU.ActiveCfg = Release|Any CPU
		{70790976-CA09-1169-08B6-D79E54E57CFB}.Release|Any CPU.Build.0 = Release|Any CPU
	EndGlobalSection
	GlobalSection(SolutionProperties) = preSolution
		HideSolutionNode = FALSE
	EndGlobalSection
	GlobalSection(ExtensibilityGlobals) = postSolution
		SolutionGuid = {C5BE6E74-9E8A-4D00-B356-9EC23E1D95B1}
	EndGlobalSection
EndGlobal
