
Microsoft Visual Studio Solution File, Format Version 12.00
# Visual Studio Version 17
VisualStudioVersion = 17.14.37012.4 d17.14
MinimumVisualStudioVersion = 10.0.40219.1
Project("{FAE04EC0-301F-11D3-BF4B-00C04F79EFBC}") = "03_SOLID_OCP_Pedagogico", "03_SOLID_OCP_Pedagogico.csproj", "{6CFFEDC0-8CCA-9760-7F45-8BBDE8929041}"
EndProject
Global
	GlobalSection(SolutionConfigurationPlatforms) = preSolution
		Debug|Any CPU = Debug|Any CPU
		Release|Any CPU = Release|Any CPU
	EndGlobalSection
	GlobalSection(ProjectConfigurationPlatforms) = postSolution
		{6CFFEDC0-8CCA-9760-7F45-8BBDE8929041}.Debug|Any CPU.ActiveCfg = Debug|Any CPU
		{6CFFEDC0-8CCA-9760-7F45-8BBDE8929041}.Debug|Any CPU.Build.0 = Debug|Any CPU
		{6CFFEDC0-8CCA-9760-7F45-8BBDE8929041}.Release|Any CPU.ActiveCfg = Release|Any CPU
		{6CFFEDC0-8CCA-9760-7F45-8BBDE8929041}.Release|Any CPU.Build.0 = Release|Any CPU
	EndGlobalSection
	GlobalSection(SolutionProperties) = preSolution
		HideSolutionNode = FALSE
	EndGlobalSection
	GlobalSection(ExtensibilityGlobals) = postSolution
		SolutionGuid = {C9880C38-F2B5-4333-B603-E06EC4B90308}
	EndGlobalSection
EndGlobal
